
Microsoft Visual Studio Solution File, Format Version 12.00
# Visual Studio Version 17
VisualStudioVersion = 17.9.34728.123
MinimumVisualStudioVersion = 10.0.40219.1
Project("{9A19103F-16F7-4668-BE54-9A1E7A4F7556}") = "BestGearGuard", "BestGearGuard.csproj", "{B0A5407F-B1A2-4F38-93D3-809F8F8CC98A}"
EndProject
Global
	GlobalSection(SolutionConfigurationPlatforms) = preSolution
		Debug|Any CPU = Debug|Any CPU
		Release|Any CPU = Release|Any CPU
	EndGlobalSection
	GlobalSection(ProjectConfigurationPlatforms) = postSolution
		{B0A5407F-B1A2-4F38-93D3-809F8F8CC98A}.Debug|Any CPU.ActiveCfg = Debug|Any CPU
		{B0A5407F-B1A2-4F38-93D3-809F8F8CC98A}.Debug|Any CPU.Build.0 = Debug|Any CPU
		{B0A5407F-B1A2-4F38-93D3-809F8F8CC98A}.Release|Any CPU.ActiveCfg = Release|Any CPU
		{B0A5407F-B1A2-4F38-93D3-809F8F8CC98A}.Release|Any CPU.Build.0 = Release|Any CPU
	EndGlobalSection
	GlobalSection(SolutionProperties) = preSolution
		HideSolutionNode = FALSE
	EndGlobalSection
	GlobalSection(ExtensibilityGlobals) = postSolution
		SolutionGuid = {BD8C19D4-F15D-4435-AA7D-78079E36FAF0}
	EndGlobalSection
EndGlobal
